
Microsoft Visual Studio Solution File, Format Version 12.00
# Visual Studio 15
VisualStudioVersion = 15.0.28307.779
MinimumVisualStudioVersion = 10.0.40219.1
Project("{9A19103F-16F7-4668-BE54-9A1E7A4F7556}") = "DemoLibrary", "DemoLibrary\DemoLibrary.csproj", "{9BCEB53E-E61B-4F65-8F08-F19F40D915C6}"
EndProject
Project("{FAE04EC0-301F-11D3-BF4B-00C04F79EFBC}") = "DemoLibrary.Test", "DemoLibrary.Test\DemoLibrary.Test.csproj", "{67B345FD-B6AB-4096-BA56-FDFFAFDB5E75}"
EndProject
Global
	GlobalSection(SolutionConfigurationPlatforms) = preSolution
		Debug|Any CPU = Debug|Any CPU
		Release|Any CPU = Release|Any CPU
	EndGlobalSection
	GlobalSection(ProjectConfigurationPlatforms) = postSolution
		{9BCEB53E-E61B-4F65-8F08-F19F40D915C6}.Debug|Any CPU.ActiveCfg = Debug|Any CPU
		{9BCEB53E-E61B-4F65-8F08-F19F40D915C6}.Debug|Any CPU.Build.0 = Debug|Any CPU
		{9BCEB53E-E61B-4F65-8F08-F19F40D915C6}.Release|Any CPU.ActiveCfg = Release|Any CPU
		{9BCEB53E-E61B-4F65-8F08-F19F40D915C6}.Release|Any CPU.Build.0 = Release|Any CPU
		{67B345FD-B6AB-4096-BA56-FDFFAFDB5E75}.Debug|Any CPU.ActiveCfg = Debug|Any CPU
		{67B345FD-B6AB-4096-BA56-FDFFAFDB5E75}.Debug|Any CPU.Build.0 = Debug|Any CPU
		{67B345FD-B6AB-4096-BA56-FDFFAFDB5E75}.Release|Any CPU.ActiveCfg = Release|Any CPU
		{67B345FD-B6AB-4096-BA56-FDFFAFDB5E75}.Release|Any CPU.Build.0 = Release|Any CPU
	EndGlobalSection
	GlobalSection(SolutionProperties) = preSolution
		HideSolutionNode = FALSE
	EndGlobalSection
	GlobalSection(ExtensibilityGlobals) = postSolution
		SolutionGuid = {BE617068-2B7C-47BC-A787-4D35BC71542C}
	EndGlobalSection
EndGlobal
